<?xml version="1.0" encoding="utf-8"?>
<Project ToolsVersion="4.0" xmlns="http://schemas.microsoft.com/developer/msbuild/2003">
  <ItemGroup>
    <Filter Include="Source Files">
      <UniqueIdentifier>{4FC737F1-C7A5-4376-A066-2A32D752A2FF}</UniqueIdentifier>
      <Extensions>cpp;c;cc;cxx;c++;cppm;ixx;def;odl;idl;hpj;bat;asm;asmx</Extensions>
    </Filter>
    <Filter Include="Resource Files">
      <UniqueIdentifier>{67DA6AB6-F800-4c08-8B7A-83BB121AAD01}</UniqueIdentifier>
      <Extensions>rc;ico;cur;bmp;dlg;rc2;rct;bin;rgs;gif;jpg;jpeg;jpe;resx;tiff;tif;png;wav;mfcribbon-ms</Extensions>
    </Filter>
    <Filter Include="win32_gui_sys">
      <UniqueIdentifier>{5e6994fa-0876-4e32-804a-ba93b6e7bba9}</UniqueIdentifier>
    </Filter>
    <Filter Include="utility">
      <UniqueIdentifier>{28d7699e-9ea0-44b9-a921-deffc51e9f0c}</UniqueIdentifier>
    </Filter>
    <Filter Include="core">
      <UniqueIdentifier>{bd03778e-b079-41d7-829e-28249aef4e21}</UniqueIdentifier>
    </Filter>
    <Filter Include="library">
      <UniqueIdentifier>{7d622807-d657-4e04-ae59-e7469535cab6}</UniqueIdentifier>
    </Filter>
  </ItemGroup>
  <ItemGroup>
    <ClCompile Include="main.cpp">
      <Filter>Source Files</Filter>
    </ClCompile>
  </ItemGroup>
  <ItemGroup>
    <ClInclude Include="program_instance.hpp">
      <Filter>core</Filter>
    </ClInclude>
    <ClInclude Include="resource.h">
      <Filter>win32_gui_sys</Filter>
    </ClInclude>
    <ClInclude Include="logger.hpp">
      <Filter>utility</Filter>
    </ClInclude>
    <ClInclude Include="all_stl.hpp">
      <Filter>library</Filter>
    </ClInclude>
    <ClInclude Include="juju_error_codes.hpp">
      <Filter>utility</Filter>
    </ClInclude>
    <ClInclude Include="window_management.hpp">
      <Filter>core</Filter>
    </ClInclude>
    <ClInclude Include="handle_exceptions.hpp">
      <Filter>utility</Filter>
    </ClInclude>
  </ItemGroup>
  <ItemGroup>
    <ResourceCompile Include="jujubee.rc">
      <Filter>Resource Files</Filter>
    </ResourceCompile>
  </ItemGroup>
</Project>